
Microsoft Visual Studio Solution File, Format Version 12.00
# Visual Studio Version 17
VisualStudioVersion = 17.0.32126.317
MinimumVisualStudioVersion = 10.0.40219.1
Project("{FAE04EC0-301F-11D3-BF4B-00C04F79EFBC}") = "NamingConvensitionBad", "CleanCode\NamingConvensitionBad.csproj", "{AA6D0CCA-4307-42AD-9254-A627468F3FF4}"
EndProject
Project("{FAE04EC0-301F-11D3-BF4B-00C04F79EFBC}") = "NamingConvensitionsGood", "CleanCodev2\NamingConvensitionsGood.csproj", "{11D7B191-3CC1-4F9C-B96F-6FEEC1C183AF}"
EndProject
Project("{FAE04EC0-301F-11D3-BF4B-00C04F79EFBC}") = "SingleResponsibility", "SingleResponsibility\SingleResponsibility.csproj", "{D5D0BE6C-F287-4CB4-B752-9FDEDCB66A55}"
EndProject
Project("{FAE04EC0-301F-11D3-BF4B-00C04F79EFBC}") = "OpenClosed", "OpenClosed\OpenClosed.csproj", "{4840D124-5F11-4907-B91B-8464FC568C07}"
EndProject
Project("{FAE04EC0-301F-11D3-BF4B-00C04F79EFBC}") = "DependencyInversion", "DependencyInversion\DependencyInversion.csproj", "{504BE9C4-D5B8-43D3-93BC-67B7213F45CD}"
EndProject
Global
	GlobalSection(SolutionConfigurationPlatforms) = preSolution
		Debug|Any CPU = Debug|Any CPU
		Release|Any CPU = Release|Any CPU
	EndGlobalSection
	GlobalSection(ProjectConfigurationPlatforms) = postSolution
		{AA6D0CCA-4307-42AD-9254-A627468F3FF4}.Debug|Any CPU.ActiveCfg = Debug|Any CPU
		{AA6D0CCA-4307-42AD-9254-A627468F3FF4}.Debug|Any CPU.Build.0 = Debug|Any CPU
		{AA6D0CCA-4307-42AD-9254-A627468F3FF4}.Release|Any CPU.ActiveCfg = Release|Any CPU
		{AA6D0CCA-4307-42AD-9254-A627468F3FF4}.Release|Any CPU.Build.0 = Release|Any CPU
		{11D7B191-3CC1-4F9C-B96F-6FEEC1C183AF}.Debug|Any CPU.ActiveCfg = Debug|Any CPU
		{11D7B191-3CC1-4F9C-B96F-6FEEC1C183AF}.Debug|Any CPU.Build.0 = Debug|Any CPU
		{11D7B191-3CC1-4F9C-B96F-6FEEC1C183AF}.Release|Any CPU.ActiveCfg = Release|Any CPU
		{11D7B191-3CC1-4F9C-B96F-6FEEC1C183AF}.Release|Any CPU.Build.0 = Release|Any CPU
		{D5D0BE6C-F287-4CB4-B752-9FDEDCB66A55}.Debug|Any CPU.ActiveCfg = Debug|Any CPU
		{D5D0BE6C-F287-4CB4-B752-9FDEDCB66A55}.Debug|Any CPU.Build.0 = Debug|Any CPU
		{D5D0BE6C-F287-4CB4-B752-9FDEDCB66A55}.Release|Any CPU.ActiveCfg = Release|Any CPU
		{D5D0BE6C-F287-4CB4-B752-9FDEDCB66A55}.Release|Any CPU.Build.0 = Release|Any CPU
		{4840D124-5F11-4907-B91B-8464FC568C07}.Debug|Any CPU.ActiveCfg = Debug|Any CPU
		{4840D124-5F11-4907-B91B-8464FC568C07}.Debug|Any CPU.Build.0 = Debug|Any CPU
		{4840D124-5F11-4907-B91B-8464FC568C07}.Release|Any CPU.ActiveCfg = Release|Any CPU
		{4840D124-5F11-4907-B91B-8464FC568C07}.Release|Any CPU.Build.0 = Release|Any CPU
		{504BE9C4-D5B8-43D3-93BC-67B7213F45CD}.Debug|Any CPU.ActiveCfg = Debug|Any CPU
		{504BE9C4-D5B8-43D3-93BC-67B7213F45CD}.Debug|Any CPU.Build.0 = Debug|Any CPU
		{504BE9C4-D5B8-43D3-93BC-67B7213F45CD}.Release|Any CPU.ActiveCfg = Release|Any CPU
		{504BE9C4-D5B8-43D3-93BC-67B7213F45CD}.Release|Any CPU.Build.0 = Release|Any CPU
	EndGlobalSection
	GlobalSection(SolutionProperties) = preSolution
		HideSolutionNode = FALSE
	EndGlobalSection
	GlobalSection(ExtensibilityGlobals) = postSolution
		SolutionGuid = {DF18D0D1-8D91-4DB4-B47E-359679F6CEBC}
	EndGlobalSection
EndGlobal
